{
  "originHash" : "d4892967d6f5aea8a2c11decb4110a86cb4e59f586dfaf7afa93aff43374d9ab",
  "pins" : [
    {
      "identity" : "quality-gate-types",
      "kind" : "remoteSourceControl",
      "location" : "https://github.com/jpurnell/quality-gate-types.git",
      "state" : {
        "revision" : "169ea0f44bb34a3702715f042638f935c659910f",
        "version" : "1.2.0"
      }
    },
    {
      "identity" : "swift-argument-parser",
      "kind" : "remoteSourceControl",
      "location" : "https://github.com/apple/swift-argument-parser.git",
      "state" : {
        "revision" : "6a52f3251125d74daf04fcbd5e6f08a75d074382",
        "version" : "1.8.2"
      }
    },
    {
      "identity" : "swift-asn1",
      "kind" : "remoteSourceControl",
      "location" : "https://github.com/apple/swift-asn1.git",
      "state" : {
        "revision" : "a9a5efd40eaf558a2bcd48d64b1d1646be686008",
        "version" : "1.7.1"
      }
    },
    {
      "identity" : "swift-crypto",
      "kind" : "remoteSourceControl",
      "location" : "https://github.com/apple/swift-crypto.git",
      "state" : {
        "revision" : "95ba0316a9b733e92bb6b071255ff46263bbe7dc",
        "version" : "3.15.1"
      }
    },
    {
      "identity" : "swift-process-kernel",
      "kind" : "remoteSourceControl",
      "location" : "https://github.com/jpurnell/swift-process-kernel.git",
      "state" : {
        "revision" : "5124b9ad6d995274ff11833247f7892b239aee00",
        "version" : "1.0.0"
      }
    },
    {
      "identity" : "swift-syntax",
      "kind" : "remoteSourceControl",
      "location" : "https://github.com/swiftlang/swift-syntax.git",
      "state" : {
        "revision" : "0687f71944021d616d34d922343dcef086855920",
        "version" : "600.0.1"
      }
    }
  ],
  "version" : 3
}
